
Microsoft Visual Studio Solution File, Format Version 12.00
# Visual Studio Version 16
VisualStudioVersion = 16.0.31624.102
MinimumVisualStudioVersion = 10.0.40219.1
Project("{FAE04EC0-301F-11D3-BF4B-00C04F79EFBC}") = "LibraryAuth", "LibraryAuth\LibraryAuth.csproj", "{347DEDEC-CEA6-4819-96AE-DA263C56623A}"
EndProject
Global
	GlobalSection(SolutionConfigurationPlatforms) = preSolution
		Debug|Any CPU = Debug|Any CPU
		Release|Any CPU = Release|Any CPU
	EndGlobalSection
	GlobalSection(ProjectConfigurationPlatforms) = postSolution
		{347DEDEC-CEA6-4819-96AE-DA263C56623A}.Debug|Any CPU.ActiveCfg = Debug|Any CPU
		{347DEDEC-CEA6-4819-96AE-DA263C56623A}.Debug|Any CPU.Build.0 = Debug|Any CPU
		{347DEDEC-CEA6-4819-96AE-DA263C56623A}.Release|Any CPU.ActiveCfg = Release|Any CPU
		{347DEDEC-CEA6-4819-96AE-DA263C56623A}.Release|Any CPU.Build.0 = Release|Any CPU
	EndGlobalSection
	GlobalSection(SolutionProperties) = preSolution
		HideSolutionNode = FALSE
	EndGlobalSection
	GlobalSection(ExtensibilityGlobals) = postSolution
		SolutionGuid = {B0CB2E96-CD79-4307-8A15-565C4A518817}
	EndGlobalSection
EndGlobal
